// !$*UTF8*$!
{
	archiveVersion = 1;
	classes = {
	};
	objectVersion = 56;
	objects = {

/* Begin PBXBuildFile section */
		CF00E0472B70B54300D36591 /* SpoqaHanSansNeo-Light.ttf in Resources */ = {isa = PBXBuildFile; fileRef = CF00E0422B70B54200D36591 /* SpoqaHanSansNeo-Light.ttf */; };
		CF00E0482B70B54300D36591 /* SpoqaHanSansNeo-Regular.ttf in Resources */ = {isa = PBXBuildFile; fileRef = CF00E0432B70B54200D36591 /* SpoqaHanSansNeo-Regular.ttf */; };
		CF00E0492B70B54300D36591 /* SpoqaHanSansNeo-Thin.ttf in Resources */ = {isa = PBXBuildFile; fileRef = CF00E0442B70B54300D36591 /* SpoqaHanSansNeo-Thin.ttf */; };
		CF00E04A2B70B54300D36591 /* SpoqaHanSansNeo-Medium.ttf in Resources */ = {isa = PBXBuildFile; fileRef = CF00E0452B70B54300D36591 /* SpoqaHanSansNeo-Medium.ttf */; };
		CF00E04B2B70B54300D36591 /* SpoqaHanSansNeo-Bold.ttf in Resources */ = {isa = PBXBuildFile; fileRef = CF00E0462B70B54300D36591 /* SpoqaHanSansNeo-Bold.ttf */; };
		CF00E0592B70C91200D36591 /* CSInfoModel.swift in Sources */ = {isa = PBXBuildFile; fileRef = CF00E0582B70C91200D36591 /* CSInfoModel.swift */; };
		CF00E05B2B70CE1900D36591 /* HomeCSInfoCell.swift in Sources */ = {isa = PBXBuildFile; fileRef = CF00E05A2B70CE1900D36591 /* HomeCSInfoCell.swift */; };
		CF00E05E2B71F45F00D36591 /* CSInfoViewModel.swift in Sources */ = {isa = PBXBuildFile; fileRef = CF00E05D2B71F45F00D36591 /* CSInfoViewModel.swift */; };
		CF00E0612B71F49800D36591 /* CSInfoView.swift in Sources */ = {isa = PBXBuildFile; fileRef = CF00E0602B71F49800D36591 /* CSInfoView.swift */; };
		CF00E0632B71F4AF00D36591 /* CSInfoViewController.swift in Sources */ = {isa = PBXBuildFile; fileRef = CF00E0622B71F4AF00D36591 /* CSInfoViewController.swift */; };
		CF00E0652B72150600D36591 /* CSInfoCell.swift in Sources */ = {isa = PBXBuildFile; fileRef = CF00E0642B72150600D36591 /* CSInfoCell.swift */; };
		CF3F46782B6CDBE60064777F /* SnapKit in Frameworks */ = {isa = PBXBuildFile; productRef = CF3F46772B6CDBE60064777F /* SnapKit */; };
		CF3F467A2B6CDBE60064777F /* SnapKit-Dynamic in Frameworks */ = {isa = PBXBuildFile; productRef = CF3F46792B6CDBE60064777F /* SnapKit-Dynamic */; };
		CF3F467C2B6CE1180064777F /* HomeQuizCell.swift in Sources */ = {isa = PBXBuildFile; fileRef = CF3F467B2B6CE1180064777F /* HomeQuizCell.swift */; };
		CF3F46852B6CEEF70064777F /* AppTheme.swift in Sources */ = {isa = PBXBuildFile; fileRef = CF3F46842B6CEEF70064777F /* AppTheme.swift */; };
		CF3F46892B6CF56F0064777F /* HomeCommonCell.swift in Sources */ = {isa = PBXBuildFile; fileRef = CF3F46882B6CF56F0064777F /* HomeCommonCell.swift */; };
		CFC1E18B2B7D87B500F53745 /* HomeTestCodeCell.swift in Sources */ = {isa = PBXBuildFile; fileRef = CFC1E18A2B7D87B500F53745 /* HomeTestCodeCell.swift */; };
		CFC1E18E2B7D9F6C00F53745 /* FirstViewController.swift in Sources */ = {isa = PBXBuildFile; fileRef = CFC1E18D2B7D9F6C00F53745 /* FirstViewController.swift */; };
		CFC1E1902B7DA38400F53745 /* SecondViewController.swift in Sources */ = {isa = PBXBuildFile; fileRef = CFC1E18F2B7DA38400F53745 /* SecondViewController.swift */; };
		CFC1E1932B83243800F53745 /* TestCodeModel.swift in Sources */ = {isa = PBXBuildFile; fileRef = CFC1E1922B83243800F53745 /* TestCodeModel.swift */; };
		CFC1E1952B83247A00F53745 /* TestCodeViewModel.swift in Sources */ = {isa = PBXBuildFile; fileRef = CFC1E1942B83247A00F53745 /* TestCodeViewModel.swift */; };
		CFC1E1972B83288F00F53745 /* TestCodeViewController.swift in Sources */ = {isa = PBXBuildFile; fileRef = CFC1E1962B83288F00F53745 /* TestCodeViewController.swift */; };
		CFC1E1992B83289B00F53745 /* TestCodeView.swift in Sources */ = {isa = PBXBuildFile; fileRef = CFC1E1982B83289B00F53745 /* TestCodeView.swift */; };
		CFC1E19B2B8328AD00F53745 /* TestCodeCell.swift in Sources */ = {isa = PBXBuildFile; fileRef = CFC1E19A2B8328AD00F53745 /* TestCodeCell.swift */; };
		CFC1E19D2B84761900F53745 /* KVOViewController.swift in Sources */ = {isa = PBXBuildFile; fileRef = CFC1E19C2B84761900F53745 /* KVOViewController.swift */; };
		CFD0149D2B4BCAFC00E15BAC /* AppDelegate.swift in Sources */ = {isa = PBXBuildFile; fileRef = CFD0149C2B4BCAFC00E15BAC /* AppDelegate.swift */; };
		CFD0149F2B4BCAFC00E15BAC /* SceneDelegate.swift in Sources */ = {isa = PBXBuildFile; fileRef = CFD0149E2B4BCAFC00E15BAC /* SceneDelegate.swift */; };
		CFD014A72B4BCAFC00E15BAC /* OwnStudy.xcdatamodeld in Sources */ = {isa = PBXBuildFile; fileRef = CFD014A52B4BCAFC00E15BAC /* OwnStudy.xcdatamodeld */; };
		CFD014A92B4BCAFD00E15BAC /* Assets.xcassets in Resources */ = {isa = PBXBuildFile; fileRef = CFD014A82B4BCAFD00E15BAC /* Assets.xcassets */; };
		CFD014AC2B4BCAFD00E15BAC /* LaunchScreen.storyboard in Resources */ = {isa = PBXBuildFile; fileRef = CFD014AA2B4BCAFD00E15BAC /* LaunchScreen.storyboard */; };
		CFD014B72B4BD86C00E15BAC /* HomeModel.swift in Sources */ = {isa = PBXBuildFile; fileRef = CFD014B62B4BD86C00E15BAC /* HomeModel.swift */; };
		CFD014B92B4BD87600E15BAC /* HomeViewController.swift in Sources */ = {isa = PBXBuildFile; fileRef = CFD014B82B4BD87600E15BAC /* HomeViewController.swift */; };
		CFD014BB2B4BD88000E15BAC /* HomeViewModel.swift in Sources */ = {isa = PBXBuildFile; fileRef = CFD014BA2B4BD88000E15BAC /* HomeViewModel.swift */; };
/* End PBXBuildFile section */

/* Begin PBXFileReference section */
		CF00E0422B70B54200D36591 /* SpoqaHanSansNeo-Light.ttf */ = {isa = PBXFileReference; lastKnownFileType = file; path = "SpoqaHanSansNeo-Light.ttf"; sourceTree = "<group>"; };
		CF00E0432B70B54200D36591 /* SpoqaHanSansNeo-Regular.ttf */ = {isa = PBXFileReference; lastKnownFileType = file; path = "SpoqaHanSansNeo-Regular.ttf"; sourceTree = "<group>"; };
		CF00E0442B70B54300D36591 /* SpoqaHanSansNeo-Thin.ttf */ = {isa = PBXFileReference; lastKnownFileType = file; path = "SpoqaHanSansNeo-Thin.ttf"; sourceTree = "<group>"; };
		CF00E0452B70B54300D36591 /* SpoqaHanSansNeo-Medium.ttf */ = {isa = PBXFileReference; lastKnownFileType = file; path = "SpoqaHanSansNeo-Medium.ttf"; sourceTree = "<group>"; };
		CF00E0462B70B54300D36591 /* SpoqaHanSansNeo-Bold.ttf */ = {isa = PBXFileReference; lastKnownFileType = file; path = "SpoqaHanSansNeo-Bold.ttf"; sourceTree = "<group>"; };
		CF00E0532B70BC0000D36591 /* Info.plist */ = {isa = PBXFileReference; fileEncoding = 4; lastKnownFileType = text.plist.xml; path = Info.plist; sourceTree = "<group>"; };
		CF00E0582B70C91200D36591 /* CSInfoModel.swift */ = {isa = PBXFileReference; lastKnownFileType = sourcecode.swift; path = CSInfoModel.swift; sourceTree = "<group>"; };
		CF00E05A2B70CE1900D36591 /* HomeCSInfoCell.swift */ = {isa = PBXFileReference; lastKnownFileType = sourcecode.swift; path = HomeCSInfoCell.swift; sourceTree = "<group>"; };
		CF00E05D2B71F45F00D36591 /* CSInfoViewModel.swift */ = {isa = PBXFileReference; lastKnownFileType = sourcecode.swift; path = CSInfoViewModel.swift; sourceTree = "<group>"; };
		CF00E0602B71F49800D36591 /* CSInfoView.swift */ = {isa = PBXFileReference; lastKnownFileType = sourcecode.swift; path = CSInfoView.swift; sourceTree = "<group>"; };
		CF00E0622B71F4AF00D36591 /* CSInfoViewController.swift */ = {isa = PBXFileReference; lastKnownFileType = sourcecode.swift; path = CSInfoViewController.swift; sourceTree = "<group>"; };
		CF00E0642B72150600D36591 /* CSInfoCell.swift */ = {isa = PBXFileReference; lastKnownFileType = sourcecode.swift; path = CSInfoCell.swift; sourceTree = "<group>"; };
		CF3F467B2B6CE1180064777F /* HomeQuizCell.swift */ = {isa = PBXFileReference; lastKnownFileType = sourcecode.swift; path = HomeQuizCell.swift; sourceTree = "<group>"; };
		CF3F46842B6CEEF70064777F /* AppTheme.swift */ = {isa = PBXFileReference; lastKnownFileType = sourcecode.swift; path = AppTheme.swift; sourceTree = "<group>"; };
		CF3F46882B6CF56F0064777F /* HomeCommonCell.swift */ = {isa = PBXFileReference; lastKnownFileType = sourcecode.swift; path = HomeCommonCell.swift; sourceTree = "<group>"; };
		CFC1E18A2B7D87B500F53745 /* HomeTestCodeCell.swift */ = {isa = PBXFileReference; lastKnownFileType = sourcecode.swift; path = HomeTestCodeCell.swift; sourceTree = "<group>"; };
		CFC1E18D2B7D9F6C00F53745 /* FirstViewController.swift */ = {isa = PBXFileReference; lastKnownFileType = sourcecode.swift; path = FirstViewController.swift; sourceTree = "<group>"; };
		CFC1E18F2B7DA38400F53745 /* SecondViewController.swift */ = {isa = PBXFileReference; lastKnownFileType = sourcecode.swift; path = SecondViewController.swift; sourceTree = "<group>"; };
		CFC1E1922B83243800F53745 /* TestCodeModel.swift */ = {isa = PBXFileReference; lastKnownFileType = sourcecode.swift; path = TestCodeModel.swift; sourceTree = "<group>"; };
		CFC1E1942B83247A00F53745 /* TestCodeViewModel.swift */ = {isa = PBXFileReference; lastKnownFileType = sourcecode.swift; path = TestCodeViewModel.swift; sourceTree = "<group>"; };
		CFC1E1962B83288F00F53745 /* TestCodeViewController.swift */ = {isa = PBXFileReference; lastKnownFileType = sourcecode.swift; path = TestCodeViewController.swift; sourceTree = "<group>"; };
		CFC1E1982B83289B00F53745 /* TestCodeView.swift */ = {isa = PBXFileReference; lastKnownFileType = sourcecode.swift; path = TestCodeView.swift; sourceTree = "<group>"; };
		CFC1E19A2B8328AD00F53745 /* TestCodeCell.swift */ = {isa = PBXFileReference; lastKnownFileType = sourcecode.swift; path = TestCodeCell.swift; sourceTree = "<group>"; };
		CFC1E19C2B84761900F53745 /* KVOViewController.swift */ = {isa = PBXFileReference; lastKnownFileType = sourcecode.swift; path = KVOViewController.swift; sourceTree = "<group>"; };
		CFD014992B4BCAFC00E15BAC /* OwnStudy.app */ = {isa = PBXFileReference; explicitFileType = wrapper.application; includeInIndex = 0; path = OwnStudy.app; sourceTree = BUILT_PRODUCTS_DIR; };
		CFD0149C2B4BCAFC00E15BAC /* AppDelegate.swift */ = {isa = PBXFileReference; lastKnownFileType = sourcecode.swift; path = AppDelegate.swift; sourceTree = "<group>"; };
		CFD0149E2B4BCAFC00E15BAC /* SceneDelegate.swift */ = {isa = PBXFileReference; lastKnownFileType = sourcecode.swift; path = SceneDelegate.swift; sourceTree = "<group>"; };
		CFD014A62B4BCAFC00E15BAC /* OwnStudy.xcdatamodel */ = {isa = PBXFileReference; lastKnownFileType = wrapper.xcdatamodel; path = OwnStudy.xcdatamodel; sourceTree = "<group>"; };
		CFD014A82B4BCAFD00E15BAC /* Assets.xcassets */ = {isa = PBXFileReference; lastKnownFileType = folder.assetcatalog; path = Assets.xcassets; sourceTree = "<group>"; };
		CFD014AB2B4BCAFD00E15BAC /* Base */ = {isa = PBXFileReference; lastKnownFileType = file.storyboard; name = Base; path = Base.lproj/LaunchScreen.storyboard; sourceTree = "<group>"; };
		CFD014B62B4BD86C00E15BAC /* HomeModel.swift */ = {isa = PBXFileReference; lastKnownFileType = sourcecode.swift; path = HomeModel.swift; sourceTree = "<group>"; };
		CFD014B82B4BD87600E15BAC /* HomeViewController.swift */ = {isa = PBXFileReference; lastKnownFileType = sourcecode.swift; path = HomeViewController.swift; sourceTree = "<group>"; };
		CFD014BA2B4BD88000E15BAC /* HomeViewModel.swift */ = {isa = PBXFileReference; lastKnownFileType = sourcecode.swift; path = HomeViewModel.swift; sourceTree = "<group>"; };
/* End PBXFileReference section */

/* Begin PBXFrameworksBuildPhase section */
		CFD014962B4BCAFC00E15BAC /* Frameworks */ = {
			isa = PBXFrameworksBuildPhase;
			buildActionMask = 2147483647;
			files = (
				CF3F46782B6CDBE60064777F /* SnapKit in Frameworks */,
				CF3F467A2B6CDBE60064777F /* SnapKit-Dynamic in Frameworks */,
			);
			runOnlyForDeploymentPostprocessing = 0;
		};
/* End PBXFrameworksBuildPhase section */

/* Begin PBXGroup section */
		CF00E05C2B70CE1E00D36591 /* Home */ = {
			isa = PBXGroup;
			children = (
				CFD014B82B4BD87600E15BAC /* HomeViewController.swift */,
				CF3F467B2B6CE1180064777F /* HomeQuizCell.swift */,
				CF3F46882B6CF56F0064777F /* HomeCommonCell.swift */,
				CF00E05A2B70CE1900D36591 /* HomeCSInfoCell.swift */,
				CFC1E18A2B7D87B500F53745 /* HomeTestCodeCell.swift */,
			);
			path = Home;
			sourceTree = "<group>";
		};
		CF00E05F2B71F48200D36591 /* CSInfo */ = {
			isa = PBXGroup;
			children = (
				CF00E0602B71F49800D36591 /* CSInfoView.swift */,
				CF00E0622B71F4AF00D36591 /* CSInfoViewController.swift */,
				CF00E0642B72150600D36591 /* CSInfoCell.swift */,
			);
			path = CSInfo;
			sourceTree = "<group>";
		};
		CF3F467D2B6CEDE40064777F /* Font */ = {
			isa = PBXGroup;
			children = (
				CF00E0462B70B54300D36591 /* SpoqaHanSansNeo-Bold.ttf */,
				CF00E0422B70B54200D36591 /* SpoqaHanSansNeo-Light.ttf */,
				CF00E0452B70B54300D36591 /* SpoqaHanSansNeo-Medium.ttf */,
				CF00E0432B70B54200D36591 /* SpoqaHanSansNeo-Regular.ttf */,
				CF00E0442B70B54300D36591 /* SpoqaHanSansNeo-Thin.ttf */,
			);
			path = Font;
			sourceTree = "<group>";
		};
		CF3F46832B6CEE0F0064777F /* AppSetup */ = {
			isa = PBXGroup;
			children = (
				CFD0149C2B4BCAFC00E15BAC /* AppDelegate.swift */,
				CFD0149E2B4BCAFC00E15BAC /* SceneDelegate.swift */,
				CF3F46842B6CEEF70064777F /* AppTheme.swift */,
			);
			path = AppSetup;
			sourceTree = "<group>";
		};
		CFC1E1852B7D853F00F53745 /* TestCode */ = {
			isa = PBXGroup;
			children = (
				CFC1E1982B83289B00F53745 /* TestCodeView.swift */,
				CFC1E1962B83288F00F53745 /* TestCodeViewController.swift */,
				CFC1E19A2B8328AD00F53745 /* TestCodeCell.swift */,
				CFC1E1912B83240900F53745 /* KVO */,
				CFC1E18C2B7D9F5000F53745 /* Delegate */,
			);
			path = TestCode;
			sourceTree = "<group>";
		};
		CFC1E18C2B7D9F5000F53745 /* Delegate */ = {
			isa = PBXGroup;
			children = (
				CFC1E18D2B7D9F6C00F53745 /* FirstViewController.swift */,
				CFC1E18F2B7DA38400F53745 /* SecondViewController.swift */,
			);
			path = Delegate;
			sourceTree = "<group>";
		};
		CFC1E1912B83240900F53745 /* KVO */ = {
			isa = PBXGroup;
			children = (
				CFC1E19C2B84761900F53745 /* KVOViewController.swift */,
			);
			path = KVO;
			sourceTree = "<group>";
		};
		CFD014902B4BCAFC00E15BAC = {
			isa = PBXGroup;
			children = (
				CFD0149B2B4BCAFC00E15BAC /* OwnStudy */,
				CFD0149A2B4BCAFC00E15BAC /* Products */,
			);
			sourceTree = "<group>";
		};
		CFD0149A2B4BCAFC00E15BAC /* Products */ = {
			isa = PBXGroup;
			children = (
				CFD014992B4BCAFC00E15BAC /* OwnStudy.app */,
			);
			name = Products;
			sourceTree = "<group>";
		};
		CFD0149B2B4BCAFC00E15BAC /* OwnStudy */ = {
			isa = PBXGroup;
			children = (
				CF3F46832B6CEE0F0064777F /* AppSetup */,
				CF3F467D2B6CEDE40064777F /* Font */,
				CFD014B32B4BD47F00E15BAC /* Model */,
				CFD014B52B4BD49100E15BAC /* ViewModel */,
				CFD014B42B4BD48900E15BAC /* View */,
				CFD014A82B4BCAFD00E15BAC /* Assets.xcassets */,
				CFD014AA2B4BCAFD00E15BAC /* LaunchScreen.storyboard */,
				CFD014A52B4BCAFC00E15BAC /* OwnStudy.xcdatamodeld */,
				CF00E0532B70BC0000D36591 /* Info.plist */,
			);
			path = OwnStudy;
			sourceTree = "<group>";
		};
		CFD014B32B4BD47F00E15BAC /* Model */ = {
			isa = PBXGroup;
			children = (
				CFD014B62B4BD86C00E15BAC /* HomeModel.swift */,
				CF00E0582B70C91200D36591 /* CSInfoModel.swift */,
				CFC1E1922B83243800F53745 /* TestCodeModel.swift */,
			);
			path = Model;
			sourceTree = "<group>";
		};
		CFD014B42B4BD48900E15BAC /* View */ = {
			isa = PBXGroup;
			children = (
				CFC1E1852B7D853F00F53745 /* TestCode */,
				CF00E05F2B71F48200D36591 /* CSInfo */,
				CF00E05C2B70CE1E00D36591 /* Home */,
			);
			path = View;
			sourceTree = "<group>";
		};
		CFD014B52B4BD49100E15BAC /* ViewModel */ = {
			isa = PBXGroup;
			children = (
				CFD014BA2B4BD88000E15BAC /* HomeViewModel.swift */,
				CF00E05D2B71F45F00D36591 /* CSInfoViewModel.swift */,
				CFC1E1942B83247A00F53745 /* TestCodeViewModel.swift */,
			);
			path = ViewModel;
			sourceTree = "<group>";
		};
/* End PBXGroup section */

/* Begin PBXNativeTarget section */
		CFD014982B4BCAFC00E15BAC /* OwnStudy */ = {
			isa = PBXNativeTarget;
			buildConfigurationList = CFD014B02B4BCAFD00E15BAC /* Build configuration list for PBXNativeTarget "OwnStudy" */;
			buildPhases = (
				CFD014952B4BCAFC00E15BAC /* Sources */,
				CFD014962B4BCAFC00E15BAC /* Frameworks */,
				CFD014972B4BCAFC00E15BAC /* Resources */,
			);
			buildRules = (
			);
			dependencies = (
			);
			name = OwnStudy;
			packageProductDependencies = (
				CF3F46772B6CDBE60064777F /* SnapKit */,
				CF3F46792B6CDBE60064777F /* SnapKit-Dynamic */,
			);
			productName = OwnStudy;
			productReference = CFD014992B4BCAFC00E15BAC /* OwnStudy.app */;
			productType = "com.apple.product-type.application";
		};
/* End PBXNativeTarget section */

/* Begin PBXProject section */
		CFD014912B4BCAFC00E15BAC /* Project object */ = {
			isa = PBXProject;
			attributes = {
				BuildIndependentTargetsInParallel = 1;
				LastSwiftUpdateCheck = 1510;
				LastUpgradeCheck = 1510;
				TargetAttributes = {
					CFD014982B4BCAFC00E15BAC = {
						CreatedOnToolsVersion = 15.1;
					};
				};
			};
			buildConfigurationList = CFD014942B4BCAFC00E15BAC /* Build configuration list for PBXProject "OwnStudy" */;
			compatibilityVersion = "Xcode 14.0";
			developmentRegion = en;
			hasScannedForEncodings = 0;
			knownRegions = (
				en,
				Base,
			);
			mainGroup = CFD014902B4BCAFC00E15BAC;
			packageReferences = (
				CF3F46762B6CDBE60064777F /* XCRemoteSwiftPackageReference "SnapKit" */,
			);
			productRefGroup = CFD0149A2B4BCAFC00E15BAC /* Products */;
			projectDirPath = "";
			projectRoot = "";
			targets = (
				CFD014982B4BCAFC00E15BAC /* OwnStudy */,
			);
		};
/* End PBXProject section */

/* Begin PBXResourcesBuildPhase section */
		CFD014972B4BCAFC00E15BAC /* Resources */ = {
			isa = PBXResourcesBuildPhase;
			buildActionMask = 2147483647;
			files = (
				CF00E04A2B70B54300D36591 /* SpoqaHanSansNeo-Medium.ttf in Resources */,
				CF00E0482B70B54300D36591 /* SpoqaHanSansNeo-Regular.ttf in Resources */,
				CF00E0492B70B54300D36591 /* SpoqaHanSansNeo-Thin.ttf in Resources */,
				CFD014AC2B4BCAFD00E15BAC /* LaunchScreen.storyboard in Resources */,
				CF00E0472B70B54300D36591 /* SpoqaHanSansNeo-Light.ttf in Resources */,
				CFD014A92B4BCAFD00E15BAC /* Assets.xcassets in Resources */,
				CF00E04B2B70B54300D36591 /* SpoqaHanSansNeo-Bold.ttf in Resources */,
			);
			runOnlyForDeploymentPostprocessing = 0;
		};
/* End PBXResourcesBuildPhase section */

/* Begin PBXSourcesBuildPhase section */
		CFD014952B4BCAFC00E15BAC /* Sources */ = {
			isa = PBXSourcesBuildPhase;
			buildActionMask = 2147483647;
			files = (
				CFC1E19B2B8328AD00F53745 /* TestCodeCell.swift in Sources */,
				CFD0149D2B4BCAFC00E15BAC /* AppDelegate.swift in Sources */,
				CFC1E1972B83288F00F53745 /* TestCodeViewController.swift in Sources */,
				CFC1E1952B83247A00F53745 /* TestCodeViewModel.swift in Sources */,
				CFD014BB2B4BD88000E15BAC /* HomeViewModel.swift in Sources */,
				CFD014A72B4BCAFC00E15BAC /* OwnStudy.xcdatamodeld in Sources */,
				CF00E0652B72150600D36591 /* CSInfoCell.swift in Sources */,
				CF00E0592B70C91200D36591 /* CSInfoModel.swift in Sources */,
				CFC1E18B2B7D87B500F53745 /* HomeTestCodeCell.swift in Sources */,
				CF3F46892B6CF56F0064777F /* HomeCommonCell.swift in Sources */,
				CF00E05B2B70CE1900D36591 /* HomeCSInfoCell.swift in Sources */,
				CFD014B92B4BD87600E15BAC /* HomeViewController.swift in Sources */,
				CFC1E18E2B7D9F6C00F53745 /* FirstViewController.swift in Sources */,
				CF3F467C2B6CE1180064777F /* HomeQuizCell.swift in Sources */,
				CF00E0612B71F49800D36591 /* CSInfoView.swift in Sources */,
				CFC1E1932B83243800F53745 /* TestCodeModel.swift in Sources */,
				CFC1E1902B7DA38400F53745 /* SecondViewController.swift in Sources */,
				CFC1E19D2B84761900F53745 /* KVOViewController.swift in Sources */,
				CF3F46852B6CEEF70064777F /* AppTheme.swift in Sources */,
				CF00E0632B71F4AF00D36591 /* CSInfoViewController.swift in Sources */,
				CFD014B72B4BD86C00E15BAC /* HomeModel.swift in Sources */,
				CF00E05E2B71F45F00D36591 /* CSInfoViewModel.swift in Sources */,
				CFD0149F2B4BCAFC00E15BAC /* SceneDelegate.swift in Sources */,
				CFC1E1992B83289B00F53745 /* TestCodeView.swift in Sources */,
			);
			runOnlyForDeploymentPostprocessing = 0;
		};
/* End PBXSourcesBuildPhase section */

/* Begin PBXVariantGroup section */
		CFD014AA2B4BCAFD00E15BAC /* LaunchScreen.storyboard */ = {
			isa = PBXVariantGroup;
			children = (
				CFD014AB2B4BCAFD00E15BAC /* Base */,
			);
			name = LaunchScreen.storyboard;
			sourceTree = "<group>";
		};
/* End PBXVariantGroup section */

/* Begin XCBuildConfiguration section */
		CFD014AE2B4BCAFD00E15BAC /* Debug */ = {
			isa = XCBuildConfiguration;
			buildSettings = {
				ALWAYS_SEARCH_USER_PATHS = NO;
				ASSETCATALOG_COMPILER_GENERATE_SWIFT_ASSET_SYMBOL_EXTENSIONS = YES;
				CLANG_ANALYZER_NONNULL = YES;
				CLANG_ANALYZER_NUMBER_OBJECT_CONVERSION = YES_AGGRESSIVE;
				CLANG_CXX_LANGUAGE_STANDARD = "gnu++20";
				CLANG_ENABLE_MODULES = YES;
				CLANG_ENABLE_OBJC_ARC = YES;
				CLANG_ENABLE_OBJC_WEAK = YES;
				CLANG_WARN_BLOCK_CAPTURE_AUTORELEASING = YES;
				CLANG_WARN_BOOL_CONVERSION = YES;
				CLANG_WARN_COMMA = YES;
				CLANG_WARN_CONSTANT_CONVERSION = YES;
				CLANG_WARN_DEPRECATED_OBJC_IMPLEMENTATIONS = YES;
				CLANG_WARN_DIRECT_OBJC_ISA_USAGE = YES_ERROR;
				CLANG_WARN_DOCUMENTATION_COMMENTS = YES;
				CLANG_WARN_EMPTY_BODY = YES;
				CLANG_WARN_ENUM_CONVERSION = YES;
				CLANG_WARN_INFINITE_RECURSION = YES;
				CLANG_WARN_INT_CONVERSION = YES;
				CLANG_WARN_NON_LITERAL_NULL_CONVERSION = YES;
				CLANG_WARN_OBJC_IMPLICIT_RETAIN_SELF = YES;
				CLANG_WARN_OBJC_LITERAL_CONVERSION = YES;
				CLANG_WARN_OBJC_ROOT_CLASS = YES_ERROR;
				CLANG_WARN_QUOTED_INCLUDE_IN_FRAMEWORK_HEADER = YES;
				CLANG_WARN_RANGE_LOOP_ANALYSIS = YES;
				CLANG_WARN_STRICT_PROTOTYPES = YES;
				CLANG_WARN_SUSPICIOUS_MOVE = YES;
				CLANG_WARN_UNGUARDED_AVAILABILITY = YES_AGGRESSIVE;
				CLANG_WARN_UNREACHABLE_CODE = YES;
				CLANG_WARN__DUPLICATE_METHOD_MATCH = YES;
				COPY_PHASE_STRIP = NO;
				DEBUG_INFORMATION_FORMAT = dwarf;
				ENABLE_STRICT_OBJC_MSGSEND = YES;
				ENABLE_TESTABILITY = YES;
				ENABLE_USER_SCRIPT_SANDBOXING = YES;
				GCC_C_LANGUAGE_STANDARD = gnu17;
				GCC_DYNAMIC_NO_PIC = NO;
				GCC_NO_COMMON_BLOCKS = YES;
				GCC_OPTIMIZATION_LEVEL = 0;
				GCC_PREPROCESSOR_DEFINITIONS = (
					"DEBUG=1",
					"$(inherited)",
				);
				GCC_WARN_64_TO_32_BIT_CONVERSION = YES;
				GCC_WARN_ABOUT_RETURN_TYPE = YES_ERROR;
				GCC_WARN_UNDECLARED_SELECTOR = YES;
				GCC_WARN_UNINITIALIZED_AUTOS = YES_AGGRESSIVE;
				GCC_WARN_UNUSED_FUNCTION = YES;
				GCC_WARN_UNUSED_VARIABLE = YES;
				IPHONEOS_DEPLOYMENT_TARGET = 16.0;
				LOCALIZATION_PREFERS_STRING_CATALOGS = YES;
				MTL_ENABLE_DEBUG_INFO = INCLUDE_SOURCE;
				MTL_FAST_MATH = YES;
				ONLY_ACTIVE_ARCH = YES;
				SDKROOT = iphoneos;
				SWIFT_ACTIVE_COMPILATION_CONDITIONS = "DEBUG $(inherited)";
				SWIFT_OPTIMIZATION_LEVEL = "-Onone";
			};
			name = Debug;
		};
		CFD014AF2B4BCAFD00E15BAC /* Release */ = {
			isa = XCBuildConfiguration;
			buildSettings = {
				ALWAYS_SEARCH_USER_PATHS = NO;
				ASSETCATALOG_COMPILER_GENERATE_SWIFT_ASSET_SYMBOL_EXTENSIONS = YES;
				CLANG_ANALYZER_NONNULL = YES;
				CLANG_ANALYZER_NUMBER_OBJECT_CONVERSION = YES_AGGRESSIVE;
				CLANG_CXX_LANGUAGE_STANDARD = "gnu++20";
				CLANG_ENABLE_MODULES = YES;
				CLANG_ENABLE_OBJC_ARC = YES;
				CLANG_ENABLE_OBJC_WEAK = YES;
				CLANG_WARN_BLOCK_CAPTURE_AUTORELEASING = YES;
				CLANG_WARN_BOOL_CONVERSION = YES;
				CLANG_WARN_COMMA = YES;
				CLANG_WARN_CONSTANT_CONVERSION = YES;
				CLANG_WARN_DEPRECATED_OBJC_IMPLEMENTATIONS = YES;
				CLANG_WARN_DIRECT_OBJC_ISA_USAGE = YES_ERROR;
				CLANG_WARN_DOCUMENTATION_COMMENTS = YES;
				CLANG_WARN_EMPTY_BODY = YES;
				CLANG_WARN_ENUM_CONVERSION = YES;
				CLANG_WARN_INFINITE_RECURSION = YES;
				CLANG_WARN_INT_CONVERSION = YES;
				CLANG_WARN_NON_LITERAL_NULL_CONVERSION = YES;
				CLANG_WARN_OBJC_IMPLICIT_RETAIN_SELF = YES;
				CLANG_WARN_OBJC_LITERAL_CONVERSION = YES;
				CLANG_WARN_OBJC_ROOT_CLASS = YES_ERROR;
				CLANG_WARN_QUOTED_INCLUDE_IN_FRAMEWORK_HEADER = YES;
				CLANG_WARN_RANGE_LOOP_ANALYSIS = YES;
				CLANG_WARN_STRICT_PROTOTYPES = YES;
				CLANG_WARN_SUSPICIOUS_MOVE = YES;
				CLANG_WARN_UNGUARDED_AVAILABILITY = YES_AGGRESSIVE;
				CLANG_WARN_UNREACHABLE_CODE = YES;
				CLANG_WARN__DUPLICATE_METHOD_MATCH = YES;
				COPY_PHASE_STRIP = NO;
				DEBUG_INFORMATION_FORMAT = "dwarf-with-dsym";
				ENABLE_NS_ASSERTIONS = NO;
				ENABLE_STRICT_OBJC_MSGSEND = YES;
				ENABLE_USER_SCRIPT_SANDBOXING = YES;
				GCC_C_LANGUAGE_STANDARD = gnu17;
				GCC_NO_COMMON_BLOCKS = YES;
				GCC_WARN_64_TO_32_BIT_CONVERSION = YES;
				GCC_WARN_ABOUT_RETURN_TYPE = YES_ERROR;
				GCC_WARN_UNDECLARED_SELECTOR = YES;
				GCC_WARN_UNINITIALIZED_AUTOS = YES_AGGRESSIVE;
				GCC_WARN_UNUSED_FUNCTION = YES;
				GCC_WARN_UNUSED_VARIABLE = YES;
				IPHONEOS_DEPLOYMENT_TARGET = 16.0;
				LOCALIZATION_PREFERS_STRING_CATALOGS = YES;
				MTL_ENABLE_DEBUG_INFO = NO;
				MTL_FAST_MATH = YES;
				SDKROOT = iphoneos;
				SWIFT_COMPILATION_MODE = wholemodule;
				VALIDATE_PRODUCT = YES;
			};
			name = Release;
		};
		CFD014B12B4BCAFD00E15BAC /* Debug */ = {
			isa = XCBuildConfiguration;
			buildSettings = {
				ASSETCATALOG_COMPILER_APPICON_NAME = AppIcon;
				ASSETCATALOG_COMPILER_GLOBAL_ACCENT_COLOR_NAME = AccentColor;
				CODE_SIGN_STYLE = Automatic;
				CURRENT_PROJECT_VERSION = 1;
				GENERATE_INFOPLIST_FILE = YES;
				INFOPLIST_FILE = OwnStudy/Info.plist;
				INFOPLIST_KEY_UIApplicationSupportsIndirectInputEvents = YES;
				INFOPLIST_KEY_UILaunchStoryboardName = LaunchScreen;
				INFOPLIST_KEY_UISupportedInterfaceOrientations_iPad = "UIInterfaceOrientationPortrait UIInterfaceOrientationPortraitUpsideDown UIInterfaceOrientationLandscapeLeft UIInterfaceOrientationLandscapeRight";
				INFOPLIST_KEY_UISupportedInterfaceOrientations_iPhone = "UIInterfaceOrientationPortrait UIInterfaceOrientationLandscapeLeft UIInterfaceOrientationLandscapeRight";
				IPHONEOS_DEPLOYMENT_TARGET = 16.0;
				LD_RUNPATH_SEARCH_PATHS = (
					"$(inherited)",
					"@executable_path/Frameworks",
				);
				MARKETING_VERSION = 1.0;
				PRODUCT_BUNDLE_IDENTIFIER = zerohyeon.OwnStudy;
				PRODUCT_NAME = "$(TARGET_NAME)";
				SWIFT_EMIT_LOC_STRINGS = YES;
				SWIFT_VERSION = 5.0;
				TARGETED_DEVICE_FAMILY = "1,2";
			};
			name = Debug;
		};
		CFD014B22B4BCAFD00E15BAC /* Release */ = {
			isa = XCBuildConfiguration;
			buildSettings = {
				ASSETCATALOG_COMPILER_APPICON_NAME = AppIcon;
				ASSETCATALOG_COMPILER_GLOBAL_ACCENT_COLOR_NAME = AccentColor;
				CODE_SIGN_STYLE = Automatic;
				CURRENT_PROJECT_VERSION = 1;
				GENERATE_INFOPLIST_FILE = YES;
				INFOPLIST_FILE = OwnStudy/Info.plist;
				INFOPLIST_KEY_UIApplicationSupportsIndirectInputEvents = YES;
				INFOPLIST_KEY_UILaunchStoryboardName = LaunchScreen;
				INFOPLIST_KEY_UISupportedInterfaceOrientations_iPad = "UIInterfaceOrientationPortrait UIInterfaceOrientationPortraitUpsideDown UIInterfaceOrientationLandscapeLeft UIInterfaceOrientationLandscapeRight";
				INFOPLIST_KEY_UISupportedInterfaceOrientations_iPhone = "UIInterfaceOrientationPortrait UIInterfaceOrientationLandscapeLeft UIInterfaceOrientationLandscapeRight";
				IPHONEOS_DEPLOYMENT_TARGET = 16.0;
				LD_RUNPATH_SEARCH_PATHS = (
					"$(inherited)",
					"@executable_path/Frameworks",
				);
				MARKETING_VERSION = 1.0;
				PRODUCT_BUNDLE_IDENTIFIER = zerohyeon.OwnStudy;
				PRODUCT_NAME = "$(TARGET_NAME)";
				SWIFT_EMIT_LOC_STRINGS = YES;
				SWIFT_VERSION = 5.0;
				TARGETED_DEVICE_FAMILY = "1,2";
			};
			name = Release;
		};
/* End XCBuildConfiguration section */

/* Begin XCConfigurationList section */
		CFD014942B4BCAFC00E15BAC /* Build configuration list for PBXProject "OwnStudy" */ = {
			isa = XCConfigurationList;
			buildConfigurations = (
				CFD014AE2B4BCAFD00E15BAC /* Debug */,
				CFD014AF2B4BCAFD00E15BAC /* Release */,
			);
			defaultConfigurationIsVisible = 0;
			defaultConfigurationName = Release;
		};
		CFD014B02B4BCAFD00E15BAC /* Build configuration list for PBXNativeTarget "OwnStudy" */ = {
			isa = XCConfigurationList;
			buildConfigurations = (
				CFD014B12B4BCAFD00E15BAC /* Debug */,
				CFD014B22B4BCAFD00E15BAC /* Release */,
			);
			defaultConfigurationIsVisible = 0;
			defaultConfigurationName = Release;
		};
/* End XCConfigurationList section */

/* Begin XCRemoteSwiftPackageReference section */
		CF3F46762B6CDBE60064777F /* XCRemoteSwiftPackageReference "SnapKit" */ = {
			isa = XCRemoteSwiftPackageReference;
			repositoryURL = "https://github.com/SnapKit/SnapKit.git";
			requirement = {
				kind = upToNextMajorVersion;
				minimumVersion = 5.7.0;
			};
		};
/* End XCRemoteSwiftPackageReference section */

/* Begin XCSwiftPackageProductDependency section */
		CF3F46772B6CDBE60064777F /* SnapKit */ = {
			isa = XCSwiftPackageProductDependency;
			package = CF3F46762B6CDBE60064777F /* XCRemoteSwiftPackageReference "SnapKit" */;
			productName = SnapKit;
		};
		CF3F46792B6CDBE60064777F /* SnapKit-Dynamic */ = {
			isa = XCSwiftPackageProductDependency;
			package = CF3F46762B6CDBE60064777F /* XCRemoteSwiftPackageReference "SnapKit" */;
			productName = "SnapKit-Dynamic";
		};
/* End XCSwiftPackageProductDependency section */

/* Begin XCVersionGroup section */
		CFD014A52B4BCAFC00E15BAC /* OwnStudy.xcdatamodeld */ = {
			isa = XCVersionGroup;
			children = (
				CFD014A62B4BCAFC00E15BAC /* OwnStudy.xcdatamodel */,
			);
			currentVersion = CFD014A62B4BCAFC00E15BAC /* OwnStudy.xcdatamodel */;
			path = OwnStudy.xcdatamodeld;
			sourceTree = "<group>";
			versionGroupType = wrapper.xcdatamodel;
		};
/* End XCVersionGroup section */
	};
	rootObject = CFD014912B4BCAFC00E15BAC /* Project object */;
}
